hash: 798e8a42b0e2f8d28a02d4413896ef854e4c2d3199f234f831b5b4d269b5be28
updated: 2018-05-31T22:59:34.623526-05:00
imports:
- name: github.com/darbs/barbatos-fwk
  version: adb1cf6fc6f093e41ad2d46401683f08f7920ec2
  subpackages:
  - database
  - messenger
- name: github.com/globalsign/mgo
  version: efe0945164a7e582241f37ae8983c075f8f2e870
  subpackages:
  - bson
  - internal/json
  - internal/sasl
  - internal/scram
- name: github.com/rafaeljesus/rabbus
  version: 15a5619c2bfa299a6f3aecc98a43791b5e0bcf25
  subpackages:
  - internal/amqp
- name: github.com/rafaeljesus/retry-go
  version: 5981a380a87925ee03a78a7ff13574fabc804837
- name: github.com/sony/gobreaker
  version: 3cb67c77c1d1e72fda30c6970578164d24f806b6
- name: github.com/streadway/amqp
  version: e5adc2ada8b8efff032bf61173a233d143e9318e
- name: github.com/tkanos/gonfig
  version: 140e7c7ecea9170d71a841e208b86685c845eb53
testImports: []
