hash: b35630f81d3fb43917688bb0914f7826ceeb7e8374a6bc2cb8b41fbe446d23a1
updated: 2018-07-02T20:47:45.607391-05:00
imports:
- name: github.com/darbs/barbatos-constants
  version: aeabbdd6d8dd8e88f43f3ec18b55162607170fe2
  subpackages:
  - constants
- name: github.com/darbs/barbatos-fwk
  version: 8e7a466e0ba2638bce4a368db3bebcbab9e9a009
  subpackages:
  - config
  - database
  - messenger
- name: github.com/globalsign/mgo
  version: 113d3961e7311526535a1ef7042196563d442761
  subpackages:
  - bson
  - internal/json
  - internal/sasl
  - internal/scram
- name: github.com/rafaeljesus/rabbus
  version: 15a5619c2bfa299a6f3aecc98a43791b5e0bcf25
  subpackages:
  - internal/amqp
- name: github.com/rafaeljesus/retry-go
  version: 5981a380a87925ee03a78a7ff13574fabc804837
- name: github.com/sony/gobreaker
  version: 3cb67c77c1d1e72fda30c6970578164d24f806b6
- name: github.com/streadway/amqp
  version: e5adc2ada8b8efff032bf61173a233d143e9318e
- name: github.com/tkanos/gonfig
  version: 140e7c7ecea9170d71a841e208b86685c845eb53
testImports: []
